
Microsoft Visual Studio Solution File, Format Version 12.00
# Visual Studio Version 17
VisualStudioVersion = 17.0.31903.59
MinimumVisualStudioVersion = 10.0.40219.1
Project("{FAE04EC0-301F-11D3-BF4B-00C04F79EFBC}") = "CQRS.Core", "..\CQRS-ES\CQRS.Core\CQRS.Core.csproj", "{24CE059E-21A3-4D07-A797-4AF9E74F13FC}"
EndProject
Project("{2150E333-8FDC-42A3-9474-1A3956D46DE8}") = "Post.Cmd", "Post.Cmd", "{628A6728-8FD2-2F2B-CBE6-CFCE3CD15DEA}"
EndProject
Project("{FAE04EC0-301F-11D3-BF4B-00C04F79EFBC}") = "Post.Cmd.Api", "Post.Cmd\Post.Cmd.Api\Post.Cmd.Api.csproj", "{FD5DDB81-C8F0-4CFE-AD4A-B4DD0D4B4B6B}"
EndProject
Project("{FAE04EC0-301F-11D3-BF4B-00C04F79EFBC}") = "Post.Cmd.Domain", "Post.Cmd\Post.Cmd.Domain\Post.Cmd.Domain.csproj", "{9DD0B0A7-77E1-4A2C-970E-5F3A65E8B3F3}"
EndProject
Project("{FAE04EC0-301F-11D3-BF4B-00C04F79EFBC}") = "Post.Cmd.Infrastructure", "Post.Cmd\Post.Cmd.Infrastructure\Post.Cmd.Infrastructure.csproj", "{4FD49BD0-D73B-4F91-AB67-85CD1D9FB412}"
EndProject
Project("{2150E333-8FDC-42A3-9474-1A3956D46DE8}") = "Post.Query", "Post.Query", "{0D502CB4-2678-4901-9B60-A74053C7BF91}"
EndProject
Project("{FAE04EC0-301F-11D3-BF4B-00C04F79EFBC}") = "Post.Query.Api", "Post.Query\Post.Query.Api\Post.Query.Api.csproj", "{CA64E57F-2878-4E9A-A188-E344A1C4E23B}"
EndProject
Project("{FAE04EC0-301F-11D3-BF4B-00C04F79EFBC}") = "Post.Query.Domain", "Post.Query\Post.Query.Domain\Post.Query.Domain.csproj", "{5617DAF0-2022-4141-A94E-7074CC18D4D3}"
EndProject
Project("{FAE04EC0-301F-11D3-BF4B-00C04F79EFBC}") = "Post.Query.Infrastructure", "Post.Query\Post.Query.Infrastructure\Post.Query.Infrastructure.csproj", "{A099920D-00F3-4437-922C-57095011EFE6}"
EndProject
Project("{FAE04EC0-301F-11D3-BF4B-00C04F79EFBC}") = "Post.Common", "Post.Common\Post.Common.csproj", "{46C5F2B9-5D57-4A6B-A80E-0460FFC706FE}"
EndProject
Global
	GlobalSection(SolutionConfigurationPlatforms) = preSolution
		Debug|Any CPU = Debug|Any CPU
		Debug|x64 = Debug|x64
		Debug|x86 = Debug|x86
		Release|Any CPU = Release|Any CPU
		Release|x64 = Release|x64
		Release|x86 = Release|x86
	EndGlobalSection
	GlobalSection(ProjectConfigurationPlatforms) = postSolution
		{24CE059E-21A3-4D07-A797-4AF9E74F13FC}.Debug|Any CPU.ActiveCfg = Debug|Any CPU
		{24CE059E-21A3-4D07-A797-4AF9E74F13FC}.Debug|Any CPU.Build.0 = Debug|Any CPU
		{24CE059E-21A3-4D07-A797-4AF9E74F13FC}.Debug|x64.ActiveCfg = Debug|Any CPU
		{24CE059E-21A3-4D07-A797-4AF9E74F13FC}.Debug|x64.Build.0 = Debug|Any CPU
		{24CE059E-21A3-4D07-A797-4AF9E74F13FC}.Debug|x86.ActiveCfg = Debug|Any CPU
		{24CE059E-21A3-4D07-A797-4AF9E74F13FC}.Debug|x86.Build.0 = Debug|Any CPU
		{24CE059E-21A3-4D07-A797-4AF9E74F13FC}.Release|Any CPU.ActiveCfg = Release|Any CPU
		{24CE059E-21A3-4D07-A797-4AF9E74F13FC}.Release|Any CPU.Build.0 = Release|Any CPU
		{24CE059E-21A3-4D07-A797-4AF9E74F13FC}.Release|x64.ActiveCfg = Release|Any CPU
		{24CE059E-21A3-4D07-A797-4AF9E74F13FC}.Release|x64.Build.0 = Release|Any CPU
		{24CE059E-21A3-4D07-A797-4AF9E74F13FC}.Release|x86.ActiveCfg = Release|Any CPU
		{24CE059E-21A3-4D07-A797-4AF9E74F13FC}.Release|x86.Build.0 = Release|Any CPU
		{FD5DDB81-C8F0-4CFE-AD4A-B4DD0D4B4B6B}.Debug|Any CPU.ActiveCfg = Debug|Any CPU
		{FD5DDB81-C8F0-4CFE-AD4A-B4DD0D4B4B6B}.Debug|Any CPU.Build.0 = Debug|Any CPU
		{FD5DDB81-C8F0-4CFE-AD4A-B4DD0D4B4B6B}.Debug|x64.ActiveCfg = Debug|Any CPU
		{FD5DDB81-C8F0-4CFE-AD4A-B4DD0D4B4B6B}.Debug|x64.Build.0 = Debug|Any CPU
		{FD5DDB81-C8F0-4CFE-AD4A-B4DD0D4B4B6B}.Debug|x86.ActiveCfg = Debug|Any CPU
		{FD5DDB81-C8F0-4CFE-AD4A-B4DD0D4B4B6B}.Debug|x86.Build.0 = Debug|Any CPU
		{FD5DDB81-C8F0-4CFE-AD4A-B4DD0D4B4B6B}.Release|Any CPU.ActiveCfg = Release|Any CPU
		{FD5DDB81-C8F0-4CFE-AD4A-B4DD0D4B4B6B}.Release|Any CPU.Build.0 = Release|Any CPU
		{FD5DDB81-C8F0-4CFE-AD4A-B4DD0D4B4B6B}.Release|x64.ActiveCfg = Release|Any CPU
		{FD5DDB81-C8F0-4CFE-AD4A-B4DD0D4B4B6B}.Release|x64.Build.0 = Release|Any CPU
		{FD5DDB81-C8F0-4CFE-AD4A-B4DD0D4B4B6B}.Release|x86.ActiveCfg = Release|Any CPU
		{FD5DDB81-C8F0-4CFE-AD4A-B4DD0D4B4B6B}.Release|x86.Build.0 = Release|Any CPU
		{9DD0B0A7-77E1-4A2C-970E-5F3A65E8B3F3}.Debug|Any CPU.ActiveCfg = Debug|Any CPU
		{9DD0B0A7-77E1-4A2C-970E-5F3A65E8B3F3}.Debug|Any CPU.Build.0 = Debug|Any CPU
		{9DD0B0A7-77E1-4A2C-970E-5F3A65E8B3F3}.Debug|x64.ActiveCfg = Debug|Any CPU
		{9DD0B0A7-77E1-4A2C-970E-5F3A65E8B3F3}.Debug|x64.Build.0 = Debug|Any CPU
		{9DD0B0A7-77E1-4A2C-970E-5F3A65E8B3F3}.Debug|x86.ActiveCfg = Debug|Any CPU
		{9DD0B0A7-77E1-4A2C-970E-5F3A65E8B3F3}.Debug|x86.Build.0 = Debug|Any CPU
		{9DD0B0A7-77E1-4A2C-970E-5F3A65E8B3F3}.Release|Any CPU.ActiveCfg = Release|Any CPU
		{9DD0B0A7-77E1-4A2C-970E-5F3A65E8B3F3}.Release|Any CPU.Build.0 = Release|Any CPU
		{9DD0B0A7-77E1-4A2C-970E-5F3A65E8B3F3}.Release|x64.ActiveCfg = Release|Any CPU
		{9DD0B0A7-77E1-4A2C-970E-5F3A65E8B3F3}.Release|x64.Build.0 = Release|Any CPU
		{9DD0B0A7-77E1-4A2C-970E-5F3A65E8B3F3}.Release|x86.ActiveCfg = Release|Any CPU
		{9DD0B0A7-77E1-4A2C-970E-5F3A65E8B3F3}.Release|x86.Build.0 = Release|Any CPU
		{4FD49BD0-D73B-4F91-AB67-85CD1D9FB412}.Debug|Any CPU.ActiveCfg = Debug|Any CPU
		{4FD49BD0-D73B-4F91-AB67-85CD1D9FB412}.Debug|Any CPU.Build.0 = Debug|Any CPU
		{4FD49BD0-D73B-4F91-AB67-85CD1D9FB412}.Debug|x64.ActiveCfg = Debug|Any CPU
		{4FD49BD0-D73B-4F91-AB67-85CD1D9FB412}.Debug|x64.Build.0 = Debug|Any CPU
		{4FD49BD0-D73B-4F91-AB67-85CD1D9FB412}.Debug|x86.ActiveCfg = Debug|Any CPU
		{4FD49BD0-D73B-4F91-AB67-85CD1D9FB412}.Debug|x86.Build.0 = Debug|Any CPU
		{4FD49BD0-D73B-4F91-AB67-85CD1D9FB412}.Release|Any CPU.ActiveCfg = Release|Any CPU
		{4FD49BD0-D73B-4F91-AB67-85CD1D9FB412}.Release|Any CPU.Build.0 = Release|Any CPU
		{4FD49BD0-D73B-4F91-AB67-85CD1D9FB412}.Release|x64.ActiveCfg = Release|Any CPU
		{4FD49BD0-D73B-4F91-AB67-85CD1D9FB412}.Release|x64.Build.0 = Release|Any CPU
		{4FD49BD0-D73B-4F91-AB67-85CD1D9FB412}.Release|x86.ActiveCfg = Release|Any CPU
		{4FD49BD0-D73B-4F91-AB67-85CD1D9FB412}.Release|x86.Build.0 = Release|Any CPU
		{CA64E57F-2878-4E9A-A188-E344A1C4E23B}.Debug|Any CPU.ActiveCfg = Debug|Any CPU
		{CA64E57F-2878-4E9A-A188-E344A1C4E23B}.Debug|Any CPU.Build.0 = Debug|Any CPU
		{CA64E57F-2878-4E9A-A188-E344A1C4E23B}.Debug|x64.ActiveCfg = Debug|Any CPU
		{CA64E57F-2878-4E9A-A188-E344A1C4E23B}.Debug|x64.Build.0 = Debug|Any CPU
		{CA64E57F-2878-4E9A-A188-E344A1C4E23B}.Debug|x86.ActiveCfg = Debug|Any CPU
		{CA64E57F-2878-4E9A-A188-E344A1C4E23B}.Debug|x86.Build.0 = Debug|Any CPU
		{CA64E57F-2878-4E9A-A188-E344A1C4E23B}.Release|Any CPU.ActiveCfg = Release|Any CPU
		{CA64E57F-2878-4E9A-A188-E344A1C4E23B}.Release|Any CPU.Build.0 = Release|Any CPU
		{CA64E57F-2878-4E9A-A188-E344A1C4E23B}.Release|x64.ActiveCfg = Release|Any CPU
		{CA64E57F-2878-4E9A-A188-E344A1C4E23B}.Release|x64.Build.0 = Release|Any CPU
		{CA64E57F-2878-4E9A-A188-E344A1C4E23B}.Release|x86.ActiveCfg = Release|Any CPU
		{CA64E57F-2878-4E9A-A188-E344A1C4E23B}.Release|x86.Build.0 = Release|Any CPU
		{5617DAF0-2022-4141-A94E-7074CC18D4D3}.Debug|Any CPU.ActiveCfg = Debug|Any CPU
		{5617DAF0-2022-4141-A94E-7074CC18D4D3}.Debug|Any CPU.Build.0 = Debug|Any CPU
		{5617DAF0-2022-4141-A94E-7074CC18D4D3}.Debug|x64.ActiveCfg = Debug|Any CPU
		{5617DAF0-2022-4141-A94E-7074CC18D4D3}.Debug|x64.Build.0 = Debug|Any CPU
		{5617DAF0-2022-4141-A94E-7074CC18D4D3}.Debug|x86.ActiveCfg = Debug|Any CPU
		{5617DAF0-2022-4141-A94E-7074CC18D4D3}.Debug|x86.Build.0 = Debug|Any CPU
		{5617DAF0-2022-4141-A94E-7074CC18D4D3}.Release|Any CPU.ActiveCfg = Release|Any CPU
		{5617DAF0-2022-4141-A94E-7074CC18D4D3}.Release|Any CPU.Build.0 = Release|Any CPU
		{5617DAF0-2022-4141-A94E-7074CC18D4D3}.Release|x64.ActiveCfg = Release|Any CPU
		{5617DAF0-2022-4141-A94E-7074CC18D4D3}.Release|x64.Build.0 = Release|Any CPU
		{5617DAF0-2022-4141-A94E-7074CC18D4D3}.Release|x86.ActiveCfg = Release|Any CPU
		{5617DAF0-2022-4141-A94E-7074CC18D4D3}.Release|x86.Build.0 = Release|Any CPU
		{A099920D-00F3-4437-922C-57095011EFE6}.Debug|Any CPU.ActiveCfg = Debug|Any CPU
		{A099920D-00F3-4437-922C-57095011EFE6}.Debug|Any CPU.Build.0 = Debug|Any CPU
		{A099920D-00F3-4437-922C-57095011EFE6}.Debug|x64.ActiveCfg = Debug|Any CPU
		{A099920D-00F3-4437-922C-57095011EFE6}.Debug|x64.Build.0 = Debug|Any CPU
		{A099920D-00F3-4437-922C-57095011EFE6}.Debug|x86.ActiveCfg = Debug|Any CPU
		{A099920D-00F3-4437-922C-57095011EFE6}.Debug|x86.Build.0 = Debug|Any CPU
		{A099920D-00F3-4437-922C-57095011EFE6}.Release|Any CPU.ActiveCfg = Release|Any CPU
		{A099920D-00F3-4437-922C-57095011EFE6}.Release|Any CPU.Build.0 = Release|Any CPU
		{A099920D-00F3-4437-922C-57095011EFE6}.Release|x64.ActiveCfg = Release|Any CPU
		{A099920D-00F3-4437-922C-57095011EFE6}.Release|x64.Build.0 = Release|Any CPU
		{A099920D-00F3-4437-922C-57095011EFE6}.Release|x86.ActiveCfg = Release|Any CPU
		{A099920D-00F3-4437-922C-57095011EFE6}.Release|x86.Build.0 = Release|Any CPU
		{46C5F2B9-5D57-4A6B-A80E-0460FFC706FE}.Debug|Any CPU.ActiveCfg = Debug|Any CPU
		{46C5F2B9-5D57-4A6B-A80E-0460FFC706FE}.Debug|Any CPU.Build.0 = Debug|Any CPU
		{46C5F2B9-5D57-4A6B-A80E-0460FFC706FE}.Debug|x64.ActiveCfg = Debug|Any CPU
		{46C5F2B9-5D57-4A6B-A80E-0460FFC706FE}.Debug|x64.Build.0 = Debug|Any CPU
		{46C5F2B9-5D57-4A6B-A80E-0460FFC706FE}.Debug|x86.ActiveCfg = Debug|Any CPU
		{46C5F2B9-5D57-4A6B-A80E-0460FFC706FE}.Debug|x86.Build.0 = Debug|Any CPU
		{46C5F2B9-5D57-4A6B-A80E-0460FFC706FE}.Release|Any CPU.ActiveCfg = Release|Any CPU
		{46C5F2B9-5D57-4A6B-A80E-0460FFC706FE}.Release|Any CPU.Build.0 = Release|Any CPU
		{46C5F2B9-5D57-4A6B-A80E-0460FFC706FE}.Release|x64.ActiveCfg = Release|Any CPU
		{46C5F2B9-5D57-4A6B-A80E-0460FFC706FE}.Release|x64.Build.0 = Release|Any CPU
		{46C5F2B9-5D57-4A6B-A80E-0460FFC706FE}.Release|x86.ActiveCfg = Release|Any CPU
		{46C5F2B9-5D57-4A6B-A80E-0460FFC706FE}.Release|x86.Build.0 = Release|Any CPU
	EndGlobalSection
	GlobalSection(SolutionProperties) = preSolution
		HideSolutionNode = FALSE
	EndGlobalSection
	GlobalSection(NestedProjects) = preSolution
		{FD5DDB81-C8F0-4CFE-AD4A-B4DD0D4B4B6B} = {628A6728-8FD2-2F2B-CBE6-CFCE3CD15DEA}
		{9DD0B0A7-77E1-4A2C-970E-5F3A65E8B3F3} = {628A6728-8FD2-2F2B-CBE6-CFCE3CD15DEA}
		{4FD49BD0-D73B-4F91-AB67-85CD1D9FB412} = {628A6728-8FD2-2F2B-CBE6-CFCE3CD15DEA}
		{CA64E57F-2878-4E9A-A188-E344A1C4E23B} = {0D502CB4-2678-4901-9B60-A74053C7BF91}
		{5617DAF0-2022-4141-A94E-7074CC18D4D3} = {0D502CB4-2678-4901-9B60-A74053C7BF91}
		{A099920D-00F3-4437-922C-57095011EFE6} = {0D502CB4-2678-4901-9B60-A74053C7BF91}
	EndGlobalSection
EndGlobal
